// !$*UTF8*$!
{
	archiveVersion = 1;
	classes = {
	};
	objectVersion = 55;
	objects = {

/* Begin PBXBuildFile section */
		1B90FDAF29195C1D004EFBF3 /* AppDelegate.swift in Sources */ = {isa = PBXBuildFile; fileRef = 1B90FDAE29195C1D004EFBF3 /* AppDelegate.swift */; };
		1B90FDB129195C1D004EFBF3 /* SceneDelegate.swift in Sources */ = {isa = PBXBuildFile; fileRef = 1B90FDB029195C1D004EFBF3 /* SceneDelegate.swift */; };
		1B90FDB329195C1D004EFBF3 /* ViewController.swift in Sources */ = {isa = PBXBuildFile; fileRef = 1B90FDB229195C1D004EFBF3 /* ViewController.swift */; };
		1B90FDB829195C1E004EFBF3 /* Assets.xcassets in Resources */ = {isa = PBXBuildFile; fileRef = 1B90FDB729195C1E004EFBF3 /* Assets.xcassets */; };
		1B90FDBB29195C1E004EFBF3 /* LaunchScreen.storyboard in Resources */ = {isa = PBXBuildFile; fileRef = 1B90FDB929195C1E004EFBF3 /* LaunchScreen.storyboard */; };
		1B90FDD729196114004EFBF3 /* VocalizeCurrency.swift in Sources */ = {isa = PBXBuildFile; fileRef = 1B90FDC529196114004EFBF3 /* VocalizeCurrency.swift */; };
		1B90FDD829196114004EFBF3 /* AccessibilityCarouselItem.swift in Sources */ = {isa = PBXBuildFile; fileRef = 1B90FDC729196114004EFBF3 /* AccessibilityCarouselItem.swift */; };
		1B90FDD929196114004EFBF3 /* AccessibilityCarouselElement.swift in Sources */ = {isa = PBXBuildFile; fileRef = 1B90FDC829196114004EFBF3 /* AccessibilityCarouselElement.swift */; };
		1B90FDDA29196114004EFBF3 /* AccessibilityCarouselContainer.swift in Sources */ = {isa = PBXBuildFile; fileRef = 1B90FDC929196114004EFBF3 /* AccessibilityCarouselContainer.swift */; };
		1B90FDDB29196114004EFBF3 /* Localized.swift in Sources */ = {isa = PBXBuildFile; fileRef = 1B90FDCA29196114004EFBF3 /* Localized.swift */; };
		1B90FDDC29196114004EFBF3 /* FontFamily.swift in Sources */ = {isa = PBXBuildFile; fileRef = 1B90FDCB29196114004EFBF3 /* FontFamily.swift */; };
		1B90FDDD29196114004EFBF3 /* MagicLayout.swift in Sources */ = {isa = PBXBuildFile; fileRef = 1B90FDCC29196114004EFBF3 /* MagicLayout.swift */; };
		1B90FDDE29196114004EFBF3 /* SwiftStandardLibraryDiff.swift in Sources */ = {isa = PBXBuildFile; fileRef = 1B90FDCE29196114004EFBF3 /* SwiftStandardLibraryDiff.swift */; };
		1B90FDDF29196114004EFBF3 /* Queue.swift in Sources */ = {isa = PBXBuildFile; fileRef = 1B90FDCF29196114004EFBF3 /* Queue.swift */; };
		1B90FDE029196114004EFBF3 /* ScreenSizeClass.swift in Sources */ = {isa = PBXBuildFile; fileRef = 1B90FDD029196114004EFBF3 /* ScreenSizeClass.swift */; };
		1B90FDE129196114004EFBF3 /* TransliterationHelper.swift in Sources */ = {isa = PBXBuildFile; fileRef = 1B90FDD129196114004EFBF3 /* TransliterationHelper.swift */; };
		1B90FDE229196114004EFBF3 /* ContainerView.swift in Sources */ = {isa = PBXBuildFile; fileRef = 1B90FDD329196114004EFBF3 /* ContainerView.swift */; };
		1B90FDE329196114004EFBF3 /* GradientLayerHelper.swift in Sources */ = {isa = PBXBuildFile; fileRef = 1B90FDD429196114004EFBF3 /* GradientLayerHelper.swift */; };
		1B90FDE429196114004EFBF3 /* KeyboardHelper.swift in Sources */ = {isa = PBXBuildFile; fileRef = 1B90FDD529196114004EFBF3 /* KeyboardHelper.swift */; };
		1B90FDE529196114004EFBF3 /* ColorName.swift in Sources */ = {isa = PBXBuildFile; fileRef = 1B90FDD629196114004EFBF3 /* ColorName.swift */; };
/* End PBXBuildFile section */

/* Begin PBXFileReference section */
		1B90FDAB29195C1D004EFBF3 /* AnmationPet.app */ = {isa = PBXFileReference; explicitFileType = wrapper.application; includeInIndex = 0; path = AnmationPet.app; sourceTree = BUILT_PRODUCTS_DIR; };
		1B90FDAE29195C1D004EFBF3 /* AppDelegate.swift */ = {isa = PBXFileReference; lastKnownFileType = sourcecode.swift; path = AppDelegate.swift; sourceTree = "<group>"; };
		1B90FDB029195C1D004EFBF3 /* SceneDelegate.swift */ = {isa = PBXFileReference; lastKnownFileType = sourcecode.swift; path = SceneDelegate.swift; sourceTree = "<group>"; };
		1B90FDB229195C1D004EFBF3 /* ViewController.swift */ = {isa = PBXFileReference; lastKnownFileType = sourcecode.swift; path = ViewController.swift; sourceTree = "<group>"; };
		1B90FDB729195C1E004EFBF3 /* Assets.xcassets */ = {isa = PBXFileReference; lastKnownFileType = folder.assetcatalog; path = Assets.xcassets; sourceTree = "<group>"; };
		1B90FDBA29195C1E004EFBF3 /* Base */ = {isa = PBXFileReference; lastKnownFileType = file.storyboard; name = Base; path = Base.lproj/LaunchScreen.storyboard; sourceTree = "<group>"; };
		1B90FDBC29195C1E004EFBF3 /* Info.plist */ = {isa = PBXFileReference; lastKnownFileType = text.plist.xml; path = Info.plist; sourceTree = "<group>"; };
		1B90FDC529196114004EFBF3 /* VocalizeCurrency.swift */ = {isa = PBXFileReference; fileEncoding = 4; lastKnownFileType = sourcecode.swift; path = VocalizeCurrency.swift; sourceTree = "<group>"; };
		1B90FDC729196114004EFBF3 /* AccessibilityCarouselItem.swift */ = {isa = PBXFileReference; fileEncoding = 4; lastKnownFileType = sourcecode.swift; path = AccessibilityCarouselItem.swift; sourceTree = "<group>"; };
		1B90FDC829196114004EFBF3 /* AccessibilityCarouselElement.swift */ = {isa = PBXFileReference; fileEncoding = 4; lastKnownFileType = sourcecode.swift; path = AccessibilityCarouselElement.swift; sourceTree = "<group>"; };
		1B90FDC929196114004EFBF3 /* AccessibilityCarouselContainer.swift */ = {isa = PBXFileReference; fileEncoding = 4; lastKnownFileType = sourcecode.swift; path = AccessibilityCarouselContainer.swift; sourceTree = "<group>"; };
		1B90FDCA29196114004EFBF3 /* Localized.swift */ = {isa = PBXFileReference; fileEncoding = 4; lastKnownFileType = sourcecode.swift; path = Localized.swift; sourceTree = "<group>"; };
		1B90FDCB29196114004EFBF3 /* FontFamily.swift */ = {isa = PBXFileReference; fileEncoding = 4; lastKnownFileType = sourcecode.swift; path = FontFamily.swift; sourceTree = "<group>"; };
		1B90FDCC29196114004EFBF3 /* MagicLayout.swift */ = {isa = PBXFileReference; fileEncoding = 4; lastKnownFileType = sourcecode.swift; path = MagicLayout.swift; sourceTree = "<group>"; };
		1B90FDCE29196114004EFBF3 /* SwiftStandardLibraryDiff.swift */ = {isa = PBXFileReference; fileEncoding = 4; lastKnownFileType = sourcecode.swift; path = SwiftStandardLibraryDiff.swift; sourceTree = "<group>"; };
		1B90FDCF29196114004EFBF3 /* Queue.swift */ = {isa = PBXFileReference; fileEncoding = 4; lastKnownFileType = sourcecode.swift; path = Queue.swift; sourceTree = "<group>"; };
		1B90FDD029196114004EFBF3 /* ScreenSizeClass.swift */ = {isa = PBXFileReference; fileEncoding = 4; lastKnownFileType = sourcecode.swift; path = ScreenSizeClass.swift; sourceTree = "<group>"; };
		1B90FDD129196114004EFBF3 /* TransliterationHelper.swift */ = {isa = PBXFileReference; fileEncoding = 4; lastKnownFileType = sourcecode.swift; path = TransliterationHelper.swift; sourceTree = "<group>"; };
		1B90FDD329196114004EFBF3 /* ContainerView.swift */ = {isa = PBXFileReference; fileEncoding = 4; lastKnownFileType = sourcecode.swift; path = ContainerView.swift; sourceTree = "<group>"; };
		1B90FDD429196114004EFBF3 /* GradientLayerHelper.swift */ = {isa = PBXFileReference; fileEncoding = 4; lastKnownFileType = sourcecode.swift; path = GradientLayerHelper.swift; sourceTree = "<group>"; };
		1B90FDD529196114004EFBF3 /* KeyboardHelper.swift */ = {isa = PBXFileReference; fileEncoding = 4; lastKnownFileType = sourcecode.swift; path = KeyboardHelper.swift; sourceTree = "<group>"; };
		1B90FDD629196114004EFBF3 /* ColorName.swift */ = {isa = PBXFileReference; fileEncoding = 4; lastKnownFileType = sourcecode.swift; path = ColorName.swift; sourceTree = "<group>"; };
/* End PBXFileReference section */

/* Begin PBXFrameworksBuildPhase section */
		1B90FDA829195C1D004EFBF3 /* Frameworks */ = {
			isa = PBXFrameworksBuildPhase;
			buildActionMask = 2147483647;
			files = (
			);
			runOnlyForDeploymentPostprocessing = 0;
		};
/* End PBXFrameworksBuildPhase section */

/* Begin PBXGroup section */
		1B90FDA229195C1D004EFBF3 = {
			isa = PBXGroup;
			children = (
				1B90FDAD29195C1D004EFBF3 /* AnmationPet */,
				1B90FDAC29195C1D004EFBF3 /* Products */,
			);
			sourceTree = "<group>";
		};
		1B90FDAC29195C1D004EFBF3 /* Products */ = {
			isa = PBXGroup;
			children = (
				1B90FDAB29195C1D004EFBF3 /* AnmationPet.app */,
			);
			name = Products;
			sourceTree = "<group>";
		};
		1B90FDAD29195C1D004EFBF3 /* AnmationPet */ = {
			isa = PBXGroup;
			children = (
				1B90FDC229196114004EFBF3 /* Helpers */,
				1B90FDAE29195C1D004EFBF3 /* AppDelegate.swift */,
				1B90FDB029195C1D004EFBF3 /* SceneDelegate.swift */,
				1B90FDB229195C1D004EFBF3 /* ViewController.swift */,
				1B90FDB729195C1E004EFBF3 /* Assets.xcassets */,
				1B90FDB929195C1E004EFBF3 /* LaunchScreen.storyboard */,
				1B90FDBC29195C1E004EFBF3 /* Info.plist */,
			);
			path = AnmationPet;
			sourceTree = "<group>";
		};
		1B90FDC229196114004EFBF3 /* Helpers */ = {
			isa = PBXGroup;
			children = (
				1B90FDC329196114004EFBF3 /* UIAccessibility */,
				1B90FDCA29196114004EFBF3 /* Localized.swift */,
				1B90FDCB29196114004EFBF3 /* FontFamily.swift */,
				1B90FDCC29196114004EFBF3 /* MagicLayout.swift */,
				1B90FDCD29196114004EFBF3 /* DiffableArray */,
				1B90FDD029196114004EFBF3 /* ScreenSizeClass.swift */,
				1B90FDD129196114004EFBF3 /* TransliterationHelper.swift */,
				1B90FDD229196114004EFBF3 /* View */,
				1B90FDD429196114004EFBF3 /* GradientLayerHelper.swift */,
				1B90FDD529196114004EFBF3 /* KeyboardHelper.swift */,
				1B90FDD629196114004EFBF3 /* ColorName.swift */,
			);
			path = Helpers;
			sourceTree = "<group>";
		};
		1B90FDC329196114004EFBF3 /* UIAccessibility */ = {
			isa = PBXGroup;
			children = (
				1B90FDC429196114004EFBF3 /* VocalizeCurrency */,
				1B90FDC629196114004EFBF3 /* AccessibilityCarousel */,
			);
			path = UIAccessibility;
			sourceTree = "<group>";
		};
		1B90FDC429196114004EFBF3 /* VocalizeCurrency */ = {
			isa = PBXGroup;
			children = (
				1B90FDC529196114004EFBF3 /* VocalizeCurrency.swift */,
			);
			path = VocalizeCurrency;
			sourceTree = "<group>";
		};
		1B90FDC629196114004EFBF3 /* AccessibilityCarousel */ = {
			isa = PBXGroup;
			children = (
				1B90FDC729196114004EFBF3 /* AccessibilityCarouselItem.swift */,
				1B90FDC829196114004EFBF3 /* AccessibilityCarouselElement.swift */,
				1B90FDC929196114004EFBF3 /* AccessibilityCarouselContainer.swift */,
			);
			path = AccessibilityCarousel;
			sourceTree = "<group>";
		};
		1B90FDCD29196114004EFBF3 /* DiffableArray */ = {
			isa = PBXGroup;
			children = (
				1B90FDCE29196114004EFBF3 /* SwiftStandardLibraryDiff.swift */,
				1B90FDCF29196114004EFBF3 /* Queue.swift */,
			);
			path = DiffableArray;
			sourceTree = "<group>";
		};
		1B90FDD229196114004EFBF3 /* View */ = {
			isa = PBXGroup;
			children = (
				1B90FDD329196114004EFBF3 /* ContainerView.swift */,
			);
			path = View;
			sourceTree = "<group>";
		};
/* End PBXGroup section */

/* Begin PBXNativeTarget section */
		1B90FDAA29195C1D004EFBF3 /* AnmationPet */ = {
			isa = PBXNativeTarget;
			buildConfigurationList = 1B90FDBF29195C1E004EFBF3 /* Build configuration list for PBXNativeTarget "AnmationPet" */;
			buildPhases = (
				1B90FDA729195C1D004EFBF3 /* Sources */,
				1B90FDA829195C1D004EFBF3 /* Frameworks */,
				1B90FDA929195C1D004EFBF3 /* Resources */,
			);
			buildRules = (
			);
			dependencies = (
			);
			name = AnmationPet;
			productName = AnmationPet;
			productReference = 1B90FDAB29195C1D004EFBF3 /* AnmationPet.app */;
			productType = "com.apple.product-type.application";
		};
/* End PBXNativeTarget section */

/* Begin PBXProject section */
		1B90FDA329195C1D004EFBF3 /* Project object */ = {
			isa = PBXProject;
			attributes = {
				BuildIndependentTargetsInParallel = 1;
				LastSwiftUpdateCheck = 1320;
				LastUpgradeCheck = 1320;
				TargetAttributes = {
					1B90FDAA29195C1D004EFBF3 = {
						CreatedOnToolsVersion = 13.2.1;
					};
				};
			};
			buildConfigurationList = 1B90FDA629195C1D004EFBF3 /* Build configuration list for PBXProject "AnmationPet" */;
			compatibilityVersion = "Xcode 13.0";
			developmentRegion = en;
			hasScannedForEncodings = 0;
			knownRegions = (
				en,
				Base,
			);
			mainGroup = 1B90FDA229195C1D004EFBF3;
			productRefGroup = 1B90FDAC29195C1D004EFBF3 /* Products */;
			projectDirPath = "";
			projectRoot = "";
			targets = (
				1B90FDAA29195C1D004EFBF3 /* AnmationPet */,
			);
		};
/* End PBXProject section */

/* Begin PBXResourcesBuildPhase section */
		1B90FDA929195C1D004EFBF3 /* Resources */ = {
			isa = PBXResourcesBuildPhase;
			buildActionMask = 2147483647;
			files = (
				1B90FDBB29195C1E004EFBF3 /* LaunchScreen.storyboard in Resources */,
				1B90FDB829195C1E004EFBF3 /* Assets.xcassets in Resources */,
			);
			runOnlyForDeploymentPostprocessing = 0;
		};
/* End PBXResourcesBuildPhase section */

/* Begin PBXSourcesBuildPhase section */
		1B90FDA729195C1D004EFBF3 /* Sources */ = {
			isa = PBXSourcesBuildPhase;
			buildActionMask = 2147483647;
			files = (
				1B90FDB329195C1D004EFBF3 /* ViewController.swift in Sources */,
				1B90FDDB29196114004EFBF3 /* Localized.swift in Sources */,
				1B90FDE029196114004EFBF3 /* ScreenSizeClass.swift in Sources */,
				1B90FDD829196114004EFBF3 /* AccessibilityCarouselItem.swift in Sources */,
				1B90FDDD29196114004EFBF3 /* MagicLayout.swift in Sources */,
				1B90FDE229196114004EFBF3 /* ContainerView.swift in Sources */,
				1B90FDE429196114004EFBF3 /* KeyboardHelper.swift in Sources */,
				1B90FDD729196114004EFBF3 /* VocalizeCurrency.swift in Sources */,
				1B90FDAF29195C1D004EFBF3 /* AppDelegate.swift in Sources */,
				1B90FDB129195C1D004EFBF3 /* SceneDelegate.swift in Sources */,
				1B90FDDF29196114004EFBF3 /* Queue.swift in Sources */,
				1B90FDDC29196114004EFBF3 /* FontFamily.swift in Sources */,
				1B90FDE529196114004EFBF3 /* ColorName.swift in Sources */,
				1B90FDDA29196114004EFBF3 /* AccessibilityCarouselContainer.swift in Sources */,
				1B90FDE129196114004EFBF3 /* TransliterationHelper.swift in Sources */,
				1B90FDDE29196114004EFBF3 /* SwiftStandardLibraryDiff.swift in Sources */,
				1B90FDD929196114004EFBF3 /* AccessibilityCarouselElement.swift in Sources */,
				1B90FDE329196114004EFBF3 /* GradientLayerHelper.swift in Sources */,
			);
			runOnlyForDeploymentPostprocessing = 0;
		};
/* End PBXSourcesBuildPhase section */

/* Begin PBXVariantGroup section */
		1B90FDB929195C1E004EFBF3 /* LaunchScreen.storyboard */ = {
			isa = PBXVariantGroup;
			children = (
				1B90FDBA29195C1E004EFBF3 /* Base */,
			);
			name = LaunchScreen.storyboard;
			sourceTree = "<group>";
		};
/* End PBXVariantGroup section */

/* Begin XCBuildConfiguration section */
		1B90FDBD29195C1E004EFBF3 /* Debug */ = {
			isa = XCBuildConfiguration;
			buildSettings = {
				ALWAYS_SEARCH_USER_PATHS = NO;
				CLANG_ANALYZER_NONNULL = YES;
				CLANG_ANALYZER_NUMBER_OBJECT_CONVERSION = YES_AGGRESSIVE;
				CLANG_CXX_LANGUAGE_STANDARD = "gnu++17";
				CLANG_CXX_LIBRARY = "libc++";
				CLANG_ENABLE_MODULES = YES;
				CLANG_ENABLE_OBJC_ARC = YES;
				CLANG_ENABLE_OBJC_WEAK = YES;
				CLANG_WARN_BLOCK_CAPTURE_AUTORELEASING = YES;
				CLANG_WARN_BOOL_CONVERSION = YES;
				CLANG_WARN_COMMA = YES;
				CLANG_WARN_CONSTANT_CONVERSION = YES;
				CLANG_WARN_DEPRECATED_OBJC_IMPLEMENTATIONS = YES;
				CLANG_WARN_DIRECT_OBJC_ISA_USAGE = YES_ERROR;
				CLANG_WARN_DOCUMENTATION_COMMENTS = YES;
				CLANG_WARN_EMPTY_BODY = YES;
				CLANG_WARN_ENUM_CONVERSION = YES;
				CLANG_WARN_INFINITE_RECURSION = YES;
				CLANG_WARN_INT_CONVERSION = YES;
				CLANG_WARN_NON_LITERAL_NULL_CONVERSION = YES;
				CLANG_WARN_OBJC_IMPLICIT_RETAIN_SELF = YES;
				CLANG_WARN_OBJC_LITERAL_CONVERSION = YES;
				CLANG_WARN_OBJC_ROOT_CLASS = YES_ERROR;
				CLANG_WARN_QUOTED_INCLUDE_IN_FRAMEWORK_HEADER = YES;
				CLANG_WARN_RANGE_LOOP_ANALYSIS = YES;
				CLANG_WARN_STRICT_PROTOTYPES = YES;
				CLANG_WARN_SUSPICIOUS_MOVE = YES;
				CLANG_WARN_UNGUARDED_AVAILABILITY = YES_AGGRESSIVE;
				CLANG_WARN_UNREACHABLE_CODE = YES;
				CLANG_WARN__DUPLICATE_METHOD_MATCH = YES;
				COPY_PHASE_STRIP = NO;
				DEBUG_INFORMATION_FORMAT = dwarf;
				ENABLE_STRICT_OBJC_MSGSEND = YES;
				ENABLE_TESTABILITY = YES;
				GCC_C_LANGUAGE_STANDARD = gnu11;
				GCC_DYNAMIC_NO_PIC = NO;
				GCC_NO_COMMON_BLOCKS = YES;
				GCC_OPTIMIZATION_LEVEL = 0;
				GCC_PREPROCESSOR_DEFINITIONS = (
					"DEBUG=1",
					"$(inherited)",
				);
				GCC_WARN_64_TO_32_BIT_CONVERSION = YES;
				GCC_WARN_ABOUT_RETURN_TYPE = YES_ERROR;
				GCC_WARN_UNDECLARED_SELECTOR = YES;
				GCC_WARN_UNINITIALIZED_AUTOS = YES_AGGRESSIVE;
				GCC_WARN_UNUSED_FUNCTION = YES;
				GCC_WARN_UNUSED_VARIABLE = YES;
				IPHONEOS_DEPLOYMENT_TARGET = 15.2;
				MTL_ENABLE_DEBUG_INFO = INCLUDE_SOURCE;
				MTL_FAST_MATH = YES;
				ONLY_ACTIVE_ARCH = YES;
				SDKROOT = iphoneos;
				SWIFT_ACTIVE_COMPILATION_CONDITIONS = DEBUG;
				SWIFT_OPTIMIZATION_LEVEL = "-Onone";
			};
			name = Debug;
		};
		1B90FDBE29195C1E004EFBF3 /* Release */ = {
			isa = XCBuildConfiguration;
			buildSettings = {
				ALWAYS_SEARCH_USER_PATHS = NO;
				CLANG_ANALYZER_NONNULL = YES;
				CLANG_ANALYZER_NUMBER_OBJECT_CONVERSION = YES_AGGRESSIVE;
				CLANG_CXX_LANGUAGE_STANDARD = "gnu++17";
				CLANG_CXX_LIBRARY = "libc++";
				CLANG_ENABLE_MODULES = YES;
				CLANG_ENABLE_OBJC_ARC = YES;
				CLANG_ENABLE_OBJC_WEAK = YES;
				CLANG_WARN_BLOCK_CAPTURE_AUTORELEASING = YES;
				CLANG_WARN_BOOL_CONVERSION = YES;
				CLANG_WARN_COMMA = YES;
				CLANG_WARN_CONSTANT_CONVERSION = YES;
				CLANG_WARN_DEPRECATED_OBJC_IMPLEMENTATIONS = YES;
				CLANG_WARN_DIRECT_OBJC_ISA_USAGE = YES_ERROR;
				CLANG_WARN_DOCUMENTATION_COMMENTS = YES;
				CLANG_WARN_EMPTY_BODY = YES;
				CLANG_WARN_ENUM_CONVERSION = YES;
				CLANG_WARN_INFINITE_RECURSION = YES;
				CLANG_WARN_INT_CONVERSION = YES;
				CLANG_WARN_NON_LITERAL_NULL_CONVERSION = YES;
				CLANG_WARN_OBJC_IMPLICIT_RETAIN_SELF = YES;
				CLANG_WARN_OBJC_LITERAL_CONVERSION = YES;
				CLANG_WARN_OBJC_ROOT_CLASS = YES_ERROR;
				CLANG_WARN_QUOTED_INCLUDE_IN_FRAMEWORK_HEADER = YES;
				CLANG_WARN_RANGE_LOOP_ANALYSIS = YES;
				CLANG_WARN_STRICT_PROTOTYPES = YES;
				CLANG_WARN_SUSPICIOUS_MOVE = YES;
				CLANG_WARN_UNGUARDED_AVAILABILITY = YES_AGGRESSIVE;
				CLANG_WARN_UNREACHABLE_CODE = YES;
				CLANG_WARN__DUPLICATE_METHOD_MATCH = YES;
				COPY_PHASE_STRIP = NO;
				DEBUG_INFORMATION_FORMAT = "dwarf-with-dsym";
				ENABLE_NS_ASSERTIONS = NO;
				ENABLE_STRICT_OBJC_MSGSEND = YES;
				GCC_C_LANGUAGE_STANDARD = gnu11;
				GCC_NO_COMMON_BLOCKS = YES;
				GCC_WARN_64_TO_32_BIT_CONVERSION = YES;
				GCC_WARN_ABOUT_RETURN_TYPE = YES_ERROR;
				GCC_WARN_UNDECLARED_SELECTOR = YES;
				GCC_WARN_UNINITIALIZED_AUTOS = YES_AGGRESSIVE;
				GCC_WARN_UNUSED_FUNCTION = YES;
				GCC_WARN_UNUSED_VARIABLE = YES;
				IPHONEOS_DEPLOYMENT_TARGET = 15.2;
				MTL_ENABLE_DEBUG_INFO = NO;
				MTL_FAST_MATH = YES;
				SDKROOT = iphoneos;
				SWIFT_COMPILATION_MODE = wholemodule;
				SWIFT_OPTIMIZATION_LEVEL = "-O";
				VALIDATE_PRODUCT = YES;
			};
			name = Release;
		};
		1B90FDC029195C1E004EFBF3 /* Debug */ = {
			isa = XCBuildConfiguration;
			buildSettings = {
				ASSETCATALOG_COMPILER_APPICON_NAME = AppIcon;
				ASSETCATALOG_COMPILER_GLOBAL_ACCENT_COLOR_NAME = AccentColor;
				CODE_SIGN_STYLE = Automatic;
				CURRENT_PROJECT_VERSION = 1;
				GENERATE_INFOPLIST_FILE = YES;
				INFOPLIST_FILE = AnmationPet/Info.plist;
				INFOPLIST_KEY_UIApplicationSupportsIndirectInputEvents = YES;
				INFOPLIST_KEY_UILaunchStoryboardName = LaunchScreen;
				INFOPLIST_KEY_UISupportedInterfaceOrientations_iPad = "UIInterfaceOrientationPortrait UIInterfaceOrientationPortraitUpsideDown UIInterfaceOrientationLandscapeLeft UIInterfaceOrientationLandscapeRight";
				INFOPLIST_KEY_UISupportedInterfaceOrientations_iPhone = "UIInterfaceOrientationPortrait UIInterfaceOrientationLandscapeLeft UIInterfaceOrientationLandscapeRight";
				LD_RUNPATH_SEARCH_PATHS = (
					"$(inherited)",
					"@executable_path/Frameworks",
				);
				MARKETING_VERSION = 1.0;
				PRODUCT_BUNDLE_IDENTIFIER = home.ASMCollection.AnmationPet;
				PRODUCT_NAME = "$(TARGET_NAME)";
				SWIFT_EMIT_LOC_STRINGS = YES;
				SWIFT_VERSION = 5.0;
				TARGETED_DEVICE_FAMILY = "1,2";
			};
			name = Debug;
		};
		1B90FDC129195C1E004EFBF3 /* Release */ = {
			isa = XCBuildConfiguration;
			buildSettings = {
				ASSETCATALOG_COMPILER_APPICON_NAME = AppIcon;
				ASSETCATALOG_COMPILER_GLOBAL_ACCENT_COLOR_NAME = AccentColor;
				CODE_SIGN_STYLE = Automatic;
				CURRENT_PROJECT_VERSION = 1;
				GENERATE_INFOPLIST_FILE = YES;
				INFOPLIST_FILE = AnmationPet/Info.plist;
				INFOPLIST_KEY_UIApplicationSupportsIndirectInputEvents = YES;
				INFOPLIST_KEY_UILaunchStoryboardName = LaunchScreen;
				INFOPLIST_KEY_UISupportedInterfaceOrientations_iPad = "UIInterfaceOrientationPortrait UIInterfaceOrientationPortraitUpsideDown UIInterfaceOrientationLandscapeLeft UIInterfaceOrientationLandscapeRight";
				INFOPLIST_KEY_UISupportedInterfaceOrientations_iPhone = "UIInterfaceOrientationPortrait UIInterfaceOrientationLandscapeLeft UIInterfaceOrientationLandscapeRight";
				LD_RUNPATH_SEARCH_PATHS = (
					"$(inherited)",
					"@executable_path/Frameworks",
				);
				MARKETING_VERSION = 1.0;
				PRODUCT_BUNDLE_IDENTIFIER = home.ASMCollection.AnmationPet;
				PRODUCT_NAME = "$(TARGET_NAME)";
				SWIFT_EMIT_LOC_STRINGS = YES;
				SWIFT_VERSION = 5.0;
				TARGETED_DEVICE_FAMILY = "1,2";
			};
			name = Release;
		};
/* End XCBuildConfiguration section */

/* Begin XCConfigurationList section */
		1B90FDA629195C1D004EFBF3 /* Build configuration list for PBXProject "AnmationPet" */ = {
			isa = XCConfigurationList;
			buildConfigurations = (
				1B90FDBD29195C1E004EFBF3 /* Debug */,
				1B90FDBE29195C1E004EFBF3 /* Release */,
			);
			defaultConfigurationIsVisible = 0;
			defaultConfigurationName = Release;
		};
		1B90FDBF29195C1E004EFBF3 /* Build configuration list for PBXNativeTarget "AnmationPet" */ = {
			isa = XCConfigurationList;
			buildConfigurations = (
				1B90FDC029195C1E004EFBF3 /* Debug */,
				1B90FDC129195C1E004EFBF3 /* Release */,
			);
			defaultConfigurationIsVisible = 0;
			defaultConfigurationName = Release;
		};
/* End XCConfigurationList section */
	};
	rootObject = 1B90FDA329195C1D004EFBF3 /* Project object */;
}
